// !$*UTF8*$!
{
	archiveVersion = 1;
	classes = {
	};
	objectVersion = 46;
	objects = {

/* Begin PBXBuildFile section */
		89D1A4B81C0DD82200D01046 /* AppDelegate.swift in Sources */ = {isa = PBXBuildFile; fileRef = 89D1A4B71C0DD82200D01046 /* AppDelegate.swift */; };
		89D1A4BA1C0DD82200D01046 /* ViewController.swift in Sources */ = {isa = PBXBuildFile; fileRef = 89D1A4B91C0DD82200D01046 /* ViewController.swift */; };
		89D1A4BD1C0DD82200D01046 /* Main.storyboard in Resources */ = {isa = PBXBuildFile; fileRef = 89D1A4BB1C0DD82200D01046 /* Main.storyboard */; };
		89D1A4BF1C0DD82200D01046 /* Assets.xcassets in Resources */ = {isa = PBXBuildFile; fileRef = 89D1A4BE1C0DD82200D01046 /* Assets.xcassets */; };
		89D1A4C21C0DD82200D01046 /* LaunchScreen.storyboard in Resources */ = {isa = PBXBuildFile; fileRef = 89D1A4C01C0DD82200D01046 /* LaunchScreen.storyboard */; };
/* End PBXBuildFile section */

/* Begin PBXFileReference section */
		89D1A4B41C0DD82200D01046 /* MPController.app */ = {isa = PBXFileReference; explicitFileType = wrapper.application; includeInIndex = 0; path = MPController.app; sourceTree = BUILT_PRODUCTS_DIR; };
		89D1A4B71C0DD82200D01046 /* AppDelegate.swift */ = {isa = PBXFileReference; lastKnownFileType = sourcecode.swift; path = AppDelegate.swift; sourceTree = "<group>"; };
		89D1A4B91C0DD82200D01046 /* ViewController.swift */ = {isa = PBXFileReference; lastKnownFileType = sourcecode.swift; path = ViewController.swift; sourceTree = "<group>"; };
		89D1A4BC1C0DD82200D01046 /* Base */ = {isa = PBXFileReference; lastKnownFileType = file.storyboard; name = Base; path = Base.lproj/Main.storyboard; sourceTree = "<group>"; };
		89D1A4BE1C0DD82200D01046 /* Assets.xcassets */ = {isa = PBXFileReference; lastKnownFileType = folder.assetcatalog; path = Assets.xcassets; sourceTree = "<group>"; };
		89D1A4C11C0DD82200D01046 /* Base */ = {isa = PBXFileReference; lastKnownFileType = file.storyboard; name = Base; path = Base.lproj/LaunchScreen.storyboard; sourceTree = "<group>"; };
		89D1A4C31C0DD82200D01046 /* Info.plist */ = {isa = PBXFileReference; lastKnownFileType = text.plist.xml; path = Info.plist; sourceTree = "<group>"; };
/* End PBXFileReference section */

/* Begin PBXFrameworksBuildPhase section */
		89D1A4B11C0DD82200D01046 /* Frameworks */ = {
			isa = PBXFrameworksBuildPhase;
			buildActionMask = 2147483647;
			files = (
			);
			runOnlyForDeploymentPostprocessing = 0;
		};
/* End PBXFrameworksBuildPhase section */

/* Begin PBXGroup section */
		89D1A4AB1C0DD82200D01046 = {
			isa = PBXGroup;
			children = (
				89D1A4B61C0DD82200D01046 /* MPController */,
				89D1A4B51C0DD82200D01046 /* Products */,
			);
			sourceTree = "<group>";
		};
		89D1A4B51C0DD82200D01046 /* Products */ = {
			isa = PBXGroup;
			children = (
				89D1A4B41C0DD82200D01046 /* MPController.app */,
			);
			name = Products;
			sourceTree = "<group>";
		};
		89D1A4B61C0DD82200D01046 /* MPController */ = {
			isa = PBXGroup;
			children = (
				89D1A4B71C0DD82200D01046 /* AppDelegate.swift */,
				89D1A4B91C0DD82200D01046 /* ViewController.swift */,
				89D1A4BB1C0DD82200D01046 /* Main.storyboard */,
				89D1A4BE1C0DD82200D01046 /* Assets.xcassets */,
				89D1A4C01C0DD82200D01046 /* LaunchScreen.storyboard */,
				89D1A4C31C0DD82200D01046 /* Info.plist */,
			);
			path = MPController;
			sourceTree = "<group>";
		};
/* End PBXGroup section */

/* Begin PBXNativeTarget section */
		89D1A4B31C0DD82200D01046 /* MPController */ = {
			isa = PBXNativeTarget;
			buildConfigurationList = 89D1A4C61C0DD82200D01046 /* Build configuration list for PBXNativeTarget "MPController" */;
			buildPhases = (
				89D1A4B01C0DD82200D01046 /* Sources */,
				89D1A4B11C0DD82200D01046 /* Frameworks */,
				89D1A4B21C0DD82200D01046 /* Resources */,
			);
			buildRules = (
			);
			dependencies = (
			);
			name = MPController;
			productName = MPController;
			productReference = 89D1A4B41C0DD82200D01046 /* MPController.app */;
			productType = "com.apple.product-type.application";
		};
/* End PBXNativeTarget section */

/* Begin PBXProject section */
		89D1A4AC1C0DD82200D01046 /* Project object */ = {
			isa = PBXProject;
			attributes = {
				LastSwiftUpdateCheck = 0710;
				LastUpgradeCheck = 0710;
				ORGANIZATIONNAME = Coolheart;
				TargetAttributes = {
					89D1A4B31C0DD82200D01046 = {
						CreatedOnToolsVersion = 7.1.1;
					};
				};
			};
			buildConfigurationList = 89D1A4AF1C0DD82200D01046 /* Build configuration list for PBXProject "MPController" */;
			compatibilityVersion = "Xcode 3.2";
			developmentRegion = English;
			hasScannedForEncodings = 0;
			knownRegions = (
				en,
				Base,
			);
			mainGroup = 89D1A4AB1C0DD82200D01046;
			productRefGroup = 89D1A4B51C0DD82200D01046 /* Products */;
			projectDirPath = "";
			projectRoot = "";
			targets = (
				89D1A4B31C0DD82200D01046 /* MPController */,
			);
		};
/* End PBXProject section */

/* Begin PBXResourcesBuildPhase section */
		89D1A4B21C0DD82200D01046 /* Resources */ = {
			isa = PBXResourcesBuildPhase;
			buildActionMask = 2147483647;
			files = (
				89D1A4C21C0DD82200D01046 /* LaunchScreen.storyboard in Resources */,
				89D1A4BF1C0DD82200D01046 /* Assets.xcassets in Resources */,
				89D1A4BD1C0DD82200D01046 /* Main.storyboard in Resources */,
			);
			runOnlyForDeploymentPostprocessing = 0;
		};
/* End PBXResourcesBuildPhase section */

/* Begin PBXSourcesBuildPhase section */
		89D1A4B01C0DD82200D01046 /* Sources */ = {
			isa = PBXSourcesBuildPhase;
			buildActionMask = 2147483647;
			files = (
				89D1A4BA1C0DD82200D01046 /* ViewController.swift in Sources */,
				89D1A4B81C0DD82200D01046 /* AppDelegate.swift in Sources */,
			);
			runOnlyForDeploymentPostprocessing = 0;
		};
/* End PBXSourcesBuildPhase section */

/* Begin PBXVariantGroup section */
		89D1A4BB1C0DD82200D01046 /* Main.storyboard */ = {
			isa = PBXVariantGroup;
			children = (
				89D1A4BC1C0DD82200D01046 /* Base */,
			);
			name = Main.storyboard;
			sourceTree = "<group>";
		};
		89D1A4C01C0DD82200D01046 /* LaunchScreen.storyboard */ = {
			isa = PBXVariantGroup;
			children = (
				89D1A4C11C0DD82200D01046 /* Base */,
			);
			name = LaunchScreen.storyboard;
			sourceTree = "<group>";
		};
/* End PBXVariantGroup section */

/* Begin XCBuildConfiguration section */
		89D1A4C41C0DD82200D01046 /* Debug */ = {
			isa = XCBuildConfiguration;
			buildSettings = {
				ALWAYS_SEARCH_USER_PATHS = NO;
				CLANG_CXX_LANGUAGE_STANDARD = "gnu++0x";
				CLANG_CXX_LIBRARY = "libc++";
				CLANG_ENABLE_MODULES = YES;
				CLANG_ENABLE_OBJC_ARC = YES;
				CLANG_WARN_BOOL_CONVERSION = YES;
				CLANG_WARN_CONSTANT_CONVERSION = YES;
				CLANG_WARN_DIRECT_OBJC_ISA_USAGE = YES_ERROR;
				CLANG_WARN_EMPTY_BODY = YES;
				CLANG_WARN_ENUM_CONVERSION = YES;
				CLANG_WARN_INT_CONVERSION = YES;
				CLANG_WARN_OBJC_ROOT_CLASS = YES_ERROR;
				CLANG_WARN_UNREACHABLE_CODE = YES;
				CLANG_WARN__DUPLICATE_METHOD_MATCH = YES;
				"CODE_SIGN_IDENTITY[sdk=iphoneos*]" = "iPhone Developer";
				COPY_PHASE_STRIP = NO;
				DEBUG_INFORMATION_FORMAT = dwarf;
				ENABLE_STRICT_OBJC_MSGSEND = YES;
				ENABLE_TESTABILITY = YES;
				GCC_C_LANGUAGE_STANDARD = gnu99;
				GCC_DYNAMIC_NO_PIC = NO;
				GCC_NO_COMMON_BLOCKS = YES;
				GCC_OPTIMIZATION_LEVEL = 0;
				GCC_PREPROCESSOR_DEFINITIONS = (
					"DEBUG=1",
					"$(inherited)",
				);
				GCC_WARN_64_TO_32_BIT_CONVERSION = YES;
				GCC_WARN_ABOUT_RETURN_TYPE = YES_ERROR;
				GCC_WARN_UNDECLARED_SELECTOR = YES;
				GCC_WARN_UNINITIALIZED_AUTOS = YES_AGGRESSIVE;
				GCC_WARN_UNUSED_FUNCTION = YES;
				GCC_WARN_UNUSED_VARIABLE = YES;
				IPHONEOS_DEPLOYMENT_TARGET = 9.1;
				MTL_ENABLE_DEBUG_INFO = YES;
				ONLY_ACTIVE_ARCH = YES;
				SDKROOT = iphoneos;
				SWIFT_OPTIMIZATION_LEVEL = "-Onone";
			};
			name = Debug;
		};
		89D1A4C51C0DD82200D01046 /* Release */ = {
			isa = XCBuildConfiguration;
			buildSettings = {
				ALWAYS_SEARCH_USER_PATHS = NO;
				CLANG_CXX_LANGUAGE_STANDARD = "gnu++0x";
				CLANG_CXX_LIBRARY = "libc++";
				CLANG_ENABLE_MODULES = YES;
				CLANG_ENABLE_OBJC_ARC = YES;
				CLANG_WARN_BOOL_CONVERSION = YES;
				CLANG_WARN_CONSTANT_CONVERSION = YES;
				CLANG_WARN_DIRECT_OBJC_ISA_USAGE = YES_ERROR;
				CLANG_WARN_EMPTY_BODY = YES;
				CLANG_WARN_ENUM_CONVERSION = YES;
				CLANG_WARN_INT_CONVERSION = YES;
				CLANG_WARN_OBJC_ROOT_CLASS = YES_ERROR;
				CLANG_WARN_UNREACHABLE_CODE = YES;
				CLANG_WARN__DUPLICATE_METHOD_MATCH = YES;
				"CODE_SIGN_IDENTITY[sdk=iphoneos*]" = "iPhone Developer";
				COPY_PHASE_STRIP = NO;
				DEBUG_INFORMATION_FORMAT = "dwarf-with-dsym";
				ENABLE_NS_ASSERTIONS = NO;
				ENABLE_STRICT_OBJC_MSGSEND = YES;
				GCC_C_LANGUAGE_STANDARD = gnu99;
				GCC_NO_COMMON_BLOCKS = YES;
				GCC_WARN_64_TO_32_BIT_CONVERSION = YES;
				GCC_WARN_ABOUT_RETURN_TYPE = YES_ERROR;
				GCC_WARN_UNDECLARED_SELECTOR = YES;
				GCC_WARN_UNINITIALIZED_AUTOS = YES_AGGRESSIVE;
				GCC_WARN_UNUSED_FUNCTION = YES;
				GCC_WARN_UNUSED_VARIABLE = YES;
				IPHONEOS_DEPLOYMENT_TARGET = 9.1;
				MTL_ENABLE_DEBUG_INFO = NO;
				SDKROOT = iphoneos;
				VALIDATE_PRODUCT = YES;
			};
			name = Release;
		};
		89D1A4C71C0DD82200D01046 /* Debug */ = {
			isa = XCBuildConfiguration;
			buildSettings = {
				ASSETCATALOG_COMPILER_APPICON_NAME = AppIcon;
				INFOPLIST_FILE = MPController/Info.plist;
				LD_RUNPATH_SEARCH_PATHS = "$(inherited) @executable_path/Frameworks";
				PRODUCT_BUNDLE_IDENTIFIER = com.coolheart.MPController;
				PRODUCT_NAME = "$(TARGET_NAME)";
			};
			name = Debug;
		};
		89D1A4C81C0DD82200D01046 /* Release */ = {
			isa = XCBuildConfiguration;
			buildSettings = {
				ASSETCATALOG_COMPILER_APPICON_NAME = AppIcon;
				INFOPLIST_FILE = MPController/Info.plist;
				LD_RUNPATH_SEARCH_PATHS = "$(inherited) @executable_path/Frameworks";
				PRODUCT_BUNDLE_IDENTIFIER = com.coolheart.MPController;
				PRODUCT_NAME = "$(TARGET_NAME)";
			};
			name = Release;
		};
/* End XCBuildConfiguration section */

/* Begin XCConfigurationList section */
		89D1A4AF1C0DD82200D01046 /* Build configuration list for PBXProject "MPController" */ = {
			isa = XCConfigurationList;
			buildConfigurations = (
				89D1A4C41C0DD82200D01046 /* Debug */,
				89D1A4C51C0DD82200D01046 /* Release */,
			);
			defaultConfigurationIsVisible = 0;
			defaultConfigurationName = Release;
		};
		89D1A4C61C0DD82200D01046 /* Build configuration list for PBXNativeTarget "MPController" */ = {
			isa = XCConfigurationList;
			buildConfigurations = (
				89D1A4C71C0DD82200D01046 /* Debug */,
				89D1A4C81C0DD82200D01046 /* Release */,
			);
			defaultConfigurationIsVisible = 0;
		};
/* End XCConfigurationList section */
	};
	rootObject = 89D1A4AC1C0DD82200D01046 /* Project object */;
}
